// !$*UTF8*$!
{
	archiveVersion = 1;
	classes = {
	};
	objectVersion = 50;
	objects = {

/* Begin PBXBuildFile section */
		8306730E5588233BE2E5F35D /* Pods_PulleyDimmingViewBug.framework in Frameworks */ = {isa = PBXBuildFile; fileRef = 8566DC241442884122D14B53 /* Pods_PulleyDimmingViewBug.framework */; };
		836882B12768C58A009D5B59 /* AppDelegate.swift in Sources */ = {isa = PBXBuildFile; fileRef = 836882B02768C58A009D5B59 /* AppDelegate.swift */; };
		836882B32768C58A009D5B59 /* SceneDelegate.swift in Sources */ = {isa = PBXBuildFile; fileRef = 836882B22768C58A009D5B59 /* SceneDelegate.swift */; };
		836882BA2768C58D009D5B59 /* Assets.xcassets in Resources */ = {isa = PBXBuildFile; fileRef = 836882B92768C58D009D5B59 /* Assets.xcassets */; };
		836882BD2768C58D009D5B59 /* LaunchScreen.storyboard in Resources */ = {isa = PBXBuildFile; fileRef = 836882BB2768C58D009D5B59 /* LaunchScreen.storyboard */; };
		836882C62768C793009D5B59 /* MainViewController.swift in Sources */ = {isa = PBXBuildFile; fileRef = 836882C42768C793009D5B59 /* MainViewController.swift */; };
		836882C72768C793009D5B59 /* MainViewController.xib in Resources */ = {isa = PBXBuildFile; fileRef = 836882C52768C793009D5B59 /* MainViewController.xib */; };
/* End PBXBuildFile section */

/* Begin PBXFileReference section */
		2FE3327EE68E390F0DE01DC7 /* Pods-PulleyDimmingViewBug.release.xcconfig */ = {isa = PBXFileReference; includeInIndex = 1; lastKnownFileType = text.xcconfig; name = "Pods-PulleyDimmingViewBug.release.xcconfig"; path = "Target Support Files/Pods-PulleyDimmingViewBug/Pods-PulleyDimmingViewBug.release.xcconfig"; sourceTree = "<group>"; };
		836882AD2768C58A009D5B59 /* PulleyDimmingViewBug.app */ = {isa = PBXFileReference; explicitFileType = wrapper.application; includeInIndex = 0; path = PulleyDimmingViewBug.app; sourceTree = BUILT_PRODUCTS_DIR; };
		836882B02768C58A009D5B59 /* AppDelegate.swift */ = {isa = PBXFileReference; lastKnownFileType = sourcecode.swift; path = AppDelegate.swift; sourceTree = "<group>"; };
		836882B22768C58A009D5B59 /* SceneDelegate.swift */ = {isa = PBXFileReference; lastKnownFileType = sourcecode.swift; path = SceneDelegate.swift; sourceTree = "<group>"; };
		836882B92768C58D009D5B59 /* Assets.xcassets */ = {isa = PBXFileReference; lastKnownFileType = folder.assetcatalog; path = Assets.xcassets; sourceTree = "<group>"; };
		836882BC2768C58D009D5B59 /* Base */ = {isa = PBXFileReference; lastKnownFileType = file.storyboard; name = Base; path = Base.lproj/LaunchScreen.storyboard; sourceTree = "<group>"; };
		836882BE2768C58D009D5B59 /* Info.plist */ = {isa = PBXFileReference; lastKnownFileType = text.plist.xml; path = Info.plist; sourceTree = "<group>"; };
		836882C42768C793009D5B59 /* MainViewController.swift */ = {isa = PBXFileReference; lastKnownFileType = sourcecode.swift; path = MainViewController.swift; sourceTree = "<group>"; };
		836882C52768C793009D5B59 /* MainViewController.xib */ = {isa = PBXFileReference; lastKnownFileType = file.xib; path = MainViewController.xib; sourceTree = "<group>"; };
		8566DC241442884122D14B53 /* Pods_PulleyDimmingViewBug.framework */ = {isa = PBXFileReference; explicitFileType = wrapper.framework; includeInIndex = 0; path = Pods_PulleyDimmingViewBug.framework; sourceTree = BUILT_PRODUCTS_DIR; };
		C026855AFB071EE544288DED /* Pods-PulleyDimmingViewBug.debug.xcconfig */ = {isa = PBXFileReference; includeInIndex = 1; lastKnownFileType = text.xcconfig; name = "Pods-PulleyDimmingViewBug.debug.xcconfig"; path = "Target Support Files/Pods-PulleyDimmingViewBug/Pods-PulleyDimmingViewBug.debug.xcconfig"; sourceTree = "<group>"; };
/* End PBXFileReference section */

/* Begin PBXFrameworksBuildPhase section */
		836882AA2768C58A009D5B59 /* Frameworks */ = {
			isa = PBXFrameworksBuildPhase;
			buildActionMask = 2147483647;
			files = (
				8306730E5588233BE2E5F35D /* Pods_PulleyDimmingViewBug.framework in Frameworks */,
			);
			runOnlyForDeploymentPostprocessing = 0;
		};
/* End PBXFrameworksBuildPhase section */

/* Begin PBXGroup section */
		02C1001FEBE0BCBB4F83716F /* Frameworks */ = {
			isa = PBXGroup;
			children = (
				8566DC241442884122D14B53 /* Pods_PulleyDimmingViewBug.framework */,
			);
			name = Frameworks;
			sourceTree = "<group>";
		};
		63B11B92222EAF0B799546E0 /* Pods */ = {
			isa = PBXGroup;
			children = (
				C026855AFB071EE544288DED /* Pods-PulleyDimmingViewBug.debug.xcconfig */,
				2FE3327EE68E390F0DE01DC7 /* Pods-PulleyDimmingViewBug.release.xcconfig */,
			);
			name = Pods;
			path = Pods;
			sourceTree = "<group>";
		};
		836882A42768C58A009D5B59 = {
			isa = PBXGroup;
			children = (
				836882AF2768C58A009D5B59 /* PulleyDimmingViewBug */,
				836882AE2768C58A009D5B59 /* Products */,
				63B11B92222EAF0B799546E0 /* Pods */,
				02C1001FEBE0BCBB4F83716F /* Frameworks */,
			);
			sourceTree = "<group>";
		};
		836882AE2768C58A009D5B59 /* Products */ = {
			isa = PBXGroup;
			children = (
				836882AD2768C58A009D5B59 /* PulleyDimmingViewBug.app */,
			);
			name = Products;
			sourceTree = "<group>";
		};
		836882AF2768C58A009D5B59 /* PulleyDimmingViewBug */ = {
			isa = PBXGroup;
			children = (
				836882B02768C58A009D5B59 /* AppDelegate.swift */,
				836882B22768C58A009D5B59 /* SceneDelegate.swift */,
				836882B92768C58D009D5B59 /* Assets.xcassets */,
				836882BB2768C58D009D5B59 /* LaunchScreen.storyboard */,
				836882BE2768C58D009D5B59 /* Info.plist */,
				836882C42768C793009D5B59 /* MainViewController.swift */,
				836882C52768C793009D5B59 /* MainViewController.xib */,
			);
			path = PulleyDimmingViewBug;
			sourceTree = "<group>";
		};
/* End PBXGroup section */

/* Begin PBXNativeTarget section */
		836882AC2768C58A009D5B59 /* PulleyDimmingViewBug */ = {
			isa = PBXNativeTarget;
			buildConfigurationList = 836882C12768C58D009D5B59 /* Build configuration list for PBXNativeTarget "PulleyDimmingViewBug" */;
			buildPhases = (
				C03FBBA3878BE746DF071C80 /* [CP] Check Pods Manifest.lock */,
				836882A92768C58A009D5B59 /* Sources */,
				836882AA2768C58A009D5B59 /* Frameworks */,
				836882AB2768C58A009D5B59 /* Resources */,
				6446B3CCD7F811322DAC3902 /* [CP] Embed Pods Frameworks */,
			);
			buildRules = (
			);
			dependencies = (
			);
			name = PulleyDimmingViewBug;
			productName = PulleyDimmingViewBug;
			productReference = 836882AD2768C58A009D5B59 /* PulleyDimmingViewBug.app */;
			productType = "com.apple.product-type.application";
		};
/* End PBXNativeTarget section */

/* Begin PBXProject section */
		836882A52768C58A009D5B59 /* Project object */ = {
			isa = PBXProject;
			attributes = {
				LastSwiftUpdateCheck = 1250;
				LastUpgradeCheck = 1250;
				TargetAttributes = {
					836882AC2768C58A009D5B59 = {
						CreatedOnToolsVersion = 12.5.1;
					};
				};
			};
			buildConfigurationList = 836882A82768C58A009D5B59 /* Build configuration list for PBXProject "PulleyDimmingViewBug" */;
			compatibilityVersion = "Xcode 9.3";
			developmentRegion = en;
			hasScannedForEncodings = 0;
			knownRegions = (
				en,
				Base,
			);
			mainGroup = 836882A42768C58A009D5B59;
			productRefGroup = 836882AE2768C58A009D5B59 /* Products */;
			projectDirPath = "";
			projectRoot = "";
			targets = (
				836882AC2768C58A009D5B59 /* PulleyDimmingViewBug */,
			);
		};
/* End PBXProject section */

/* Begin PBXResourcesBuildPhase section */
		836882AB2768C58A009D5B59 /* Resources */ = {
			isa = PBXResourcesBuildPhase;
			buildActionMask = 2147483647;
			files = (
				836882BD2768C58D009D5B59 /* LaunchScreen.storyboard in Resources */,
				836882C72768C793009D5B59 /* MainViewController.xib in Resources */,
				836882BA2768C58D009D5B59 /* Assets.xcassets in Resources */,
			);
			runOnlyForDeploymentPostprocessing = 0;
		};
/* End PBXResourcesBuildPhase section */

/* Begin PBXShellScriptBuildPhase section */
		6446B3CCD7F811322DAC3902 /* [CP] Embed Pods Frameworks */ = {
			isa = PBXShellScriptBuildPhase;
			buildActionMask = 2147483647;
			files = (
			);
			inputFileListPaths = (
				"${PODS_ROOT}/Target Support Files/Pods-PulleyDimmingViewBug/Pods-PulleyDimmingViewBug-frameworks-${CONFIGURATION}-input-files.xcfilelist",
			);
			name = "[CP] Embed Pods Frameworks";
			outputFileListPaths = (
				"${PODS_ROOT}/Target Support Files/Pods-PulleyDimmingViewBug/Pods-PulleyDimmingViewBug-frameworks-${CONFIGURATION}-output-files.xcfilelist",
			);
			runOnlyForDeploymentPostprocessing = 0;
			shellPath = /bin/sh;
			shellScript = "\"${PODS_ROOT}/Target Support Files/Pods-PulleyDimmingViewBug/Pods-PulleyDimmingViewBug-frameworks.sh\"\n";
			showEnvVarsInLog = 0;
		};
		C03FBBA3878BE746DF071C80 /* [CP] Check Pods Manifest.lock */ = {
			isa = PBXShellScriptBuildPhase;
			buildActionMask = 2147483647;
			files = (
			);
			inputFileListPaths = (
			);
			inputPaths = (
				"${PODS_PODFILE_DIR_PATH}/Podfile.lock",
				"${PODS_ROOT}/Manifest.lock",
			);
			name = "[CP] Check Pods Manifest.lock";
			outputFileListPaths = (
			);
			outputPaths = (
				"$(DERIVED_FILE_DIR)/Pods-PulleyDimmingViewBug-checkManifestLockResult.txt",
			);
			runOnlyForDeploymentPostprocessing = 0;
			shellPath = /bin/sh;
			shellScript = "diff \"${PODS_PODFILE_DIR_PATH}/Podfile.lock\" \"${PODS_ROOT}/Manifest.lock\" > /dev/null\nif [ $? != 0 ] ; then\n    # print error to STDERR\n    echo \"error: The sandbox is not in sync with the Podfile.lock. Run 'pod install' or update your CocoaPods installation.\" >&2\n    exit 1\nfi\n# This output is used by Xcode 'outputs' to avoid re-running this script phase.\necho \"SUCCESS\" > \"${SCRIPT_OUTPUT_FILE_0}\"\n";
			showEnvVarsInLog = 0;
		};
/* End PBXShellScriptBuildPhase section */

/* Begin PBXSourcesBuildPhase section */
		836882A92768C58A009D5B59 /* Sources */ = {
			isa = PBXSourcesBuildPhase;
			buildActionMask = 2147483647;
			files = (
				836882C62768C793009D5B59 /* MainViewController.swift in Sources */,
				836882B12768C58A009D5B59 /* AppDelegate.swift in Sources */,
				836882B32768C58A009D5B59 /* SceneDelegate.swift in Sources */,
			);
			runOnlyForDeploymentPostprocessing = 0;
		};
/* End PBXSourcesBuildPhase section */

/* Begin PBXVariantGroup section */
		836882BB2768C58D009D5B59 /* LaunchScreen.storyboard */ = {
			isa = PBXVariantGroup;
			children = (
				836882BC2768C58D009D5B59 /* Base */,
			);
			name = LaunchScreen.storyboard;
			sourceTree = "<group>";
		};
/* End PBXVariantGroup section */

/* Begin XCBuildConfiguration section */
		836882BF2768C58D009D5B59 /* Debug */ = {
			isa = XCBuildConfiguration;
			buildSettings = {
				ALWAYS_SEARCH_USER_PATHS = NO;
				CLANG_ANALYZER_NONNULL = YES;
				CLANG_ANALYZER_NUMBER_OBJECT_CONVERSION = YES_AGGRESSIVE;
				CLANG_CXX_LANGUAGE_STANDARD = "gnu++14";
				CLANG_CXX_LIBRARY = "libc++";
				CLANG_ENABLE_MODULES = YES;
				CLANG_ENABLE_OBJC_ARC = YES;
				CLANG_ENABLE_OBJC_WEAK = YES;
				CLANG_WARN_BLOCK_CAPTURE_AUTORELEASING = YES;
				CLANG_WARN_BOOL_CONVERSION = YES;
				CLANG_WARN_COMMA = YES;
				CLANG_WARN_CONSTANT_CONVERSION = YES;
				CLANG_WARN_DEPRECATED_OBJC_IMPLEMENTATIONS = YES;
				CLANG_WARN_DIRECT_OBJC_ISA_USAGE = YES_ERROR;
				CLANG_WARN_DOCUMENTATION_COMMENTS = YES;
				CLANG_WARN_EMPTY_BODY = YES;
				CLANG_WARN_ENUM_CONVERSION = YES;
				CLANG_WARN_INFINITE_RECURSION = YES;
				CLANG_WARN_INT_CONVERSION = YES;
				CLANG_WARN_NON_LITERAL_NULL_CONVERSION = YES;
				CLANG_WARN_OBJC_IMPLICIT_RETAIN_SELF = YES;
				CLANG_WARN_OBJC_LITERAL_CONVERSION = YES;
				CLANG_WARN_OBJC_ROOT_CLASS = YES_ERROR;
				CLANG_WARN_QUOTED_INCLUDE_IN_FRAMEWORK_HEADER = YES;
				CLANG_WARN_RANGE_LOOP_ANALYSIS = YES;
				CLANG_WARN_STRICT_PROTOTYPES = YES;
				CLANG_WARN_SUSPICIOUS_MOVE = YES;
				CLANG_WARN_UNGUARDED_AVAILABILITY = YES_AGGRESSIVE;
				CLANG_WARN_UNREACHABLE_CODE = YES;
				CLANG_WARN__DUPLICATE_METHOD_MATCH = YES;
				COPY_PHASE_STRIP = NO;
				DEBUG_INFORMATION_FORMAT = dwarf;
				ENABLE_STRICT_OBJC_MSGSEND = YES;
				ENABLE_TESTABILITY = YES;
				GCC_C_LANGUAGE_STANDARD = gnu11;
				GCC_DYNAMIC_NO_PIC = NO;
				GCC_NO_COMMON_BLOCKS = YES;
				GCC_OPTIMIZATION_LEVEL = 0;
				GCC_PREPROCESSOR_DEFINITIONS = (
					"DEBUG=1",
					"$(inherited)",
				);
				GCC_WARN_64_TO_32_BIT_CONVERSION = YES;
				GCC_WARN_ABOUT_RETURN_TYPE = YES_ERROR;
				GCC_WARN_UNDECLARED_SELECTOR = YES;
				GCC_WARN_UNINITIALIZED_AUTOS = YES_AGGRESSIVE;
				GCC_WARN_UNUSED_FUNCTION = YES;
				GCC_WARN_UNUSED_VARIABLE = YES;
				IPHONEOS_DEPLOYMENT_TARGET = 14.5;
				MTL_ENABLE_DEBUG_INFO = INCLUDE_SOURCE;
				MTL_FAST_MATH = YES;
				ONLY_ACTIVE_ARCH = YES;
				SDKROOT = iphoneos;
				SWIFT_ACTIVE_COMPILATION_CONDITIONS = DEBUG;
				SWIFT_OPTIMIZATION_LEVEL = "-Onone";
			};
			name = Debug;
		};
		836882C02768C58D009D5B59 /* Release */ = {
			isa = XCBuildConfiguration;
			buildSettings = {
				ALWAYS_SEARCH_USER_PATHS = NO;
				CLANG_ANALYZER_NONNULL = YES;
				CLANG_ANALYZER_NUMBER_OBJECT_CONVERSION = YES_AGGRESSIVE;
				CLANG_CXX_LANGUAGE_STANDARD = "gnu++14";
				CLANG_CXX_LIBRARY = "libc++";
				CLANG_ENABLE_MODULES = YES;
				CLANG_ENABLE_OBJC_ARC = YES;
				CLANG_ENABLE_OBJC_WEAK = YES;
				CLANG_WARN_BLOCK_CAPTURE_AUTORELEASING = YES;
				CLANG_WARN_BOOL_CONVERSION = YES;
				CLANG_WARN_COMMA = YES;
				CLANG_WARN_CONSTANT_CONVERSION = YES;
				CLANG_WARN_DEPRECATED_OBJC_IMPLEMENTATIONS = YES;
				CLANG_WARN_DIRECT_OBJC_ISA_USAGE = YES_ERROR;
				CLANG_WARN_DOCUMENTATION_COMMENTS = YES;
				CLANG_WARN_EMPTY_BODY = YES;
				CLANG_WARN_ENUM_CONVERSION = YES;
				CLANG_WARN_INFINITE_RECURSION = YES;
				CLANG_WARN_INT_CONVERSION = YES;
				CLANG_WARN_NON_LITERAL_NULL_CONVERSION = YES;
				CLANG_WARN_OBJC_IMPLICIT_RETAIN_SELF = YES;
				CLANG_WARN_OBJC_LITERAL_CONVERSION = YES;
				CLANG_WARN_OBJC_ROOT_CLASS = YES_ERROR;
				CLANG_WARN_QUOTED_INCLUDE_IN_FRAMEWORK_HEADER = YES;
				CLANG_WARN_RANGE_LOOP_ANALYSIS = YES;
				CLANG_WARN_STRICT_PROTOTYPES = YES;
				CLANG_WARN_SUSPICIOUS_MOVE = YES;
				CLANG_WARN_UNGUARDED_AVAILABILITY = YES_AGGRESSIVE;
				CLANG_WARN_UNREACHABLE_CODE = YES;
				CLANG_WARN__DUPLICATE_METHOD_MATCH = YES;
				COPY_PHASE_STRIP = NO;
				DEBUG_INFORMATION_FORMAT = "dwarf-with-dsym";
				ENABLE_NS_ASSERTIONS = NO;
				ENABLE_STRICT_OBJC_MSGSEND = YES;
				GCC_C_LANGUAGE_STANDARD = gnu11;
				GCC_NO_COMMON_BLOCKS = YES;
				GCC_WARN_64_TO_32_BIT_CONVERSION = YES;
				GCC_WARN_ABOUT_RETURN_TYPE = YES_ERROR;
				GCC_WARN_UNDECLARED_SELECTOR = YES;
				GCC_WARN_UNINITIALIZED_AUTOS = YES_AGGRESSIVE;
				GCC_WARN_UNUSED_FUNCTION = YES;
				GCC_WARN_UNUSED_VARIABLE = YES;
				IPHONEOS_DEPLOYMENT_TARGET = 14.5;
				MTL_ENABLE_DEBUG_INFO = NO;
				MTL_FAST_MATH = YES;
				SDKROOT = iphoneos;
				SWIFT_COMPILATION_MODE = wholemodule;
				SWIFT_OPTIMIZATION_LEVEL = "-O";
				VALIDATE_PRODUCT = YES;
			};
			name = Release;
		};
		836882C22768C58D009D5B59 /* Debug */ = {
			isa = XCBuildConfiguration;
			baseConfigurationReference = C026855AFB071EE544288DED /* Pods-PulleyDimmingViewBug.debug.xcconfig */;
			buildSettings = {
				ASSETCATALOG_COMPILER_APPICON_NAME = AppIcon;
				ASSETCATALOG_COMPILER_GLOBAL_ACCENT_COLOR_NAME = AccentColor;
				CODE_SIGN_STYLE = Automatic;
				DEVELOPMENT_TEAM = 88V4NLXHAM;
				INFOPLIST_FILE = PulleyDimmingViewBug/Info.plist;
				LD_RUNPATH_SEARCH_PATHS = (
					"$(inherited)",
					"@executable_path/Frameworks",
				);
				PRODUCT_BUNDLE_IDENTIFIER = test.PulleyDimmingViewBug;
				PRODUCT_NAME = "$(TARGET_NAME)";
				SWIFT_VERSION = 5.0;
				TARGETED_DEVICE_FAMILY = "1,2";
			};
			name = Debug;
		};
		836882C32768C58D009D5B59 /* Release */ = {
			isa = XCBuildConfiguration;
			baseConfigurationReference = 2FE3327EE68E390F0DE01DC7 /* Pods-PulleyDimmingViewBug.release.xcconfig */;
			buildSettings = {
				ASSETCATALOG_COMPILER_APPICON_NAME = AppIcon;
				ASSETCATALOG_COMPILER_GLOBAL_ACCENT_COLOR_NAME = AccentColor;
				CODE_SIGN_STYLE = Automatic;
				DEVELOPMENT_TEAM = 88V4NLXHAM;
				INFOPLIST_FILE = PulleyDimmingViewBug/Info.plist;
				LD_RUNPATH_SEARCH_PATHS = (
					"$(inherited)",
					"@executable_path/Frameworks",
				);
				PRODUCT_BUNDLE_IDENTIFIER = test.PulleyDimmingViewBug;
				PRODUCT_NAME = "$(TARGET_NAME)";
				SWIFT_VERSION = 5.0;
				TARGETED_DEVICE_FAMILY = "1,2";
			};
			name = Release;
		};
/* End XCBuildConfiguration section */

/* Begin XCConfigurationList section */
		836882A82768C58A009D5B59 /* Build configuration list for PBXProject "PulleyDimmingViewBug" */ = {
			isa = XCConfigurationList;
			buildConfigurations = (
				836882BF2768C58D009D5B59 /* Debug */,
				836882C02768C58D009D5B59 /* Release */,
			);
			defaultConfigurationIsVisible = 0;
			defaultConfigurationName = Release;
		};
		836882C12768C58D009D5B59 /* Build configuration list for PBXNativeTarget "PulleyDimmingViewBug" */ = {
			isa = XCConfigurationList;
			buildConfigurations = (
				836882C22768C58D009D5B59 /* Debug */,
				836882C32768C58D009D5B59 /* Release */,
			);
			defaultConfigurationIsVisible = 0;
			defaultConfigurationName = Release;
		};
/* End XCConfigurationList section */
	};
	rootObject = 836882A52768C58A009D5B59 /* Project object */;
}
